
Microsoft Visual Studio Solution File, Format Version 12.00
# Visual Studio 15
VisualStudioVersion = 15.0.27428.1
MinimumVisualStudioVersion = 10.0.40219.1
Project("{8BC9CEB8-8B4A-11D0-8D11-00A0C91BC942}") = "Cliente", "Networking\Networking.vcxproj", "{2A4690A8-1736-494A-A995-704C481604B5}"
EndProject
Project("{8BC9CEB8-8B4A-11D0-8D11-00A0C91BC942}") = "Server", "Server\Server.vcxproj", "{CA944E87-654A-4B91-B47B-5FCE1E46AD27}"
EndProject
Global
	GlobalSection(SolutionConfigurationPlatforms) = preSolution
		Debug|x64 = Debug|x64
		Debug|x86 = Debug|x86
		Release|x64 = Release|x64
		Release|x86 = Release|x86
	EndGlobalSection
	GlobalSection(ProjectConfigurationPlatforms) = postSolution
		{2A4690A8-1736-494A-A995-704C481604B5}.Debug|x64.ActiveCfg = Debug|x64
		{2A4690A8-1736-494A-A995-704C481604B5}.Debug|x64.Build.0 = Debug|x64
		{2A4690A8-1736-494A-A995-704C481604B5}.Debug|x86.ActiveCfg = Debug|Win32
		{2A4690A8-1736-494A-A995-704C481604B5}.Debug|x86.Build.0 = Debug|Win32
		{2A4690A8-1736-494A-A995-704C481604B5}.Release|x64.ActiveCfg = Release|x64
		{2A4690A8-1736-494A-A995-704C481604B5}.Release|x64.Build.0 = Release|x64
		{2A4690A8-1736-494A-A995-704C481604B5}.Release|x86.ActiveCfg = Release|Win32
		{2A4690A8-1736-494A-A995-704C481604B5}.Release|x86.Build.0 = Release|Win32
		{CA944E87-654A-4B91-B47B-5FCE1E46AD27}.Debug|x64.ActiveCfg = Debug|x64
		{CA944E87-654A-4B91-B47B-5FCE1E46AD27}.Debug|x64.Build.0 = Debug|x64
		{CA944E87-654A-4B91-B47B-5FCE1E46AD27}.Debug|x86.ActiveCfg = Debug|Win32
		{CA944E87-654A-4B91-B47B-5FCE1E46AD27}.Debug|x86.Build.0 = Debug|Win32
		{CA944E87-654A-4B91-B47B-5FCE1E46AD27}.Release|x64.ActiveCfg = Release|x64
		{CA944E87-654A-4B91-B47B-5FCE1E46AD27}.Release|x64.Build.0 = Release|x64
		{CA944E87-654A-4B91-B47B-5FCE1E46AD27}.Release|x86.ActiveCfg = Release|Win32
		{CA944E87-654A-4B91-B47B-5FCE1E46AD27}.Release|x86.Build.0 = Release|Win32
	EndGlobalSection
	GlobalSection(SolutionProperties) = preSolution
		HideSolutionNode = FALSE
	EndGlobalSection
	GlobalSection(ExtensibilityGlobals) = postSolution
		SolutionGuid = {B66F15DE-6CB7-4A60-892C-6F1E10A506D8}
	EndGlobalSection
EndGlobal
